{
  "name": "@bobfrankston/lxlan-node",
  "version": "0.1.12",
  "lockfileVersion": 3,
  "requires": true,
  "packages": {
    "": {
      "name": "@bobfrankston/lxlan-node",
      "version": "0.1.12",
      "license": "MIT",
      "dependencies": {
        "@bobfrankston/lxlan": "^0.1.23",
        "@bobfrankston/node-transport": "^0.1.6",
        "@bobfrankston/udp-transport": "^1.0.4"
      },
      "devDependencies": {
        "@types/node": "^25.3.0"
      }
    },
    "../../../../utils/udp/node-transport": {
      "name": "@bobfrankston/node-transport",
      "version": "0.1.6",
      "license": "MIT",
      "dependencies": {
        "@bobfrankston/rmfudp": "file:../rmfudp",
        "@bobfrankston/udp-transport": "file:../udp-transport"
      },
      "devDependencies": {
        "@types/node": "^25.3.0"
      }
    },
    "../../../../utils/udp/udp-transport": {
      "name": "@bobfrankston/udp-transport",
      "version": "1.0.4",
      "license": "MIT",
      "devDependencies": {
        "@types/node": "^25.3.0"
      }
    },
    "../lxlan": {
      "name": "@bobfrankston/lxlan",
      "version": "0.1.24",
      "license": "MIT",
      "dependencies": {
        "@bobfrankston/colorlib": "file:../../../../utils/colorlib",
        "@bobfrankston/devdefs": "file:../../../../Others/deviceapi/devdefs",
        "@bobfrankston/udp-transport": "file:../../../../utils/udp/udp-transport"
      },
      "devDependencies": {
        "@types/node": "^25.3.0"
      }
    },
    "node_modules/@bobfrankston/lxlan": {
      "resolved": "../lxlan",
      "link": true
    },
    "node_modules/@bobfrankston/node-transport": {
      "resolved": "../../../../utils/udp/node-transport",
      "link": true
    },
    "node_modules/@bobfrankston/udp-transport": {
      "resolved": "../../../../utils/udp/udp-transport",
      "link": true
    },
    "node_modules/@types/node": {
      "version": "25.3.0",
      "resolved": "https://registry.npmjs.org/@types/node/-/node-25.3.0.tgz",
      "integrity": "sha512-4K3bqJpXpqfg2XKGK9bpDTc6xO/xoUP/RBWS7AtRMug6zZFaRekiLzjVtAoZMquxoAbzBvy5nxQ7veS5eYzf8A==",
      "dev": true,
      "license": "MIT",
      "dependencies": {
        "undici-types": "~7.18.0"
      }
    },
    "node_modules/undici-types": {
      "version": "7.18.2",
      "resolved": "https://registry.npmjs.org/undici-types/-/undici-types-7.18.2.tgz",
      "integrity": "sha512-AsuCzffGHJybSaRrmr5eHr81mwJU3kjw6M+uprWvCXiNeN9SOGwQ3Jn8jb8m3Z6izVgknn1R0FTCEAP2QrLY/w==",
      "dev": true,
      "license": "MIT"
    }
  }
}
