{
  "name": "@bobfrankston/lxlan-node",
  "version": "0.1.8",
  "lockfileVersion": 3,
  "requires": true,
  "packages": {
    "": {
      "name": "@bobfrankston/lxlan-node",
      "version": "0.1.8",
      "license": "MIT",
      "dependencies": {
        "@bobfrankston/lxlan": "file:../lxlan",
        "@bobfrankston/rmfudp": "file:../../../../utils/udp/rmfudp",
        "@bobfrankston/udp-transport": "file:../../../../utils/udp/udp-transport"
      },
      "devDependencies": {
        "@types/node": "^25.2.1"
      }
    },
    "../../../../utils/rmfudp": {
      "name": "@bobfrankston/rmfudp",
      "version": "0.1.6",
      "extraneous": true,
      "license": "MIT",
      "devDependencies": {
        "@types/node": "^25.0.6"
      }
    },
    "../../../../utils/udp/rmfudp": {
      "name": "@bobfrankston/rmfudp",
      "version": "0.1.12",
      "license": "MIT",
      "devDependencies": {
        "@types/node": "^25.0.9"
      }
    },
    "../../../../utils/udp/udp-transport": {
      "name": "@bobfrankston/udp-transport",
      "version": "1.0.2",
      "license": "MIT",
      "devDependencies": {
        "@types/node": "^25.0.9"
      }
    },
    "../../../utils/rmfudp": {
      "extraneous": true
    },
    "../lxlan": {
      "name": "@bobfrankston/lxlan",
      "version": "0.1.13",
      "license": "MIT",
      "dependencies": {
        "@bobfrankston/colorlib": "file:../../../../utils/colorlib",
        "@bobfrankston/udp-transport": "file:../../../../utils/udp/udp-transport"
      },
      "devDependencies": {
        "@types/node": "^25.2.1"
      }
    },
    "../rmfudp": {
      "name": "@bobfrankston/rmfudp",
      "version": "0.1.0",
      "extraneous": true,
      "license": "MIT",
      "devDependencies": {
        "@types/node": "latest"
      }
    },
    "node_modules/@bobfrankston/lxlan": {
      "resolved": "../lxlan",
      "link": true
    },
    "node_modules/@bobfrankston/rmfudp": {
      "resolved": "../../../../utils/udp/rmfudp",
      "link": true
    },
    "node_modules/@bobfrankston/udp-transport": {
      "resolved": "../../../../utils/udp/udp-transport",
      "link": true
    },
    "node_modules/@types/node": {
      "version": "25.2.1",
      "resolved": "https://registry.npmjs.org/@types/node/-/node-25.2.1.tgz",
      "integrity": "sha512-CPrnr8voK8vC6eEtyRzvMpgp3VyVRhgclonE7qYi6P9sXwYb59ucfrnmFBTaP0yUi8Gk4yZg/LlTJULGxvTNsg==",
      "dev": true,
      "license": "MIT",
      "dependencies": {
        "undici-types": "~7.16.0"
      }
    },
    "node_modules/undici-types": {
      "version": "7.16.0",
      "resolved": "https://registry.npmjs.org/undici-types/-/undici-types-7.16.0.tgz",
      "integrity": "sha512-Zz+aZWSj8LE6zoxD+xrjh4VfkIG8Ya6LvYkZqtUQGJPZjYl53ypCaUwWqo7eI0x66KBGeRo+mlBEkMSeSZ38Nw==",
      "dev": true,
      "license": "MIT"
    }
  }
}
